
Microsoft Visual Studio Solution File, Format Version 11.00
# Visual Studio 2010
Project("{FAE04EC0-301F-11D3-BF4B-00C04F79EFBC}") = "Assembly-CSharp", "Assembly-CSharp.csproj", "{1f21b26a-c76f-e970-87eb-89d77c38380e}"
EndProject
Project("{FAE04EC0-301F-11D3-BF4B-00C04F79EFBC}") = "Assembly-CSharp-Editor", "Assembly-CSharp-Editor.csproj", "{59c11bbc-7c75-a0dd-4cd2-667affb9e101}"
EndProject
Global
	GlobalSection(SolutionConfigurationPlatforms) = preSolution
		Debug|Any CPU = Debug|Any CPU
	EndGlobalSection
	GlobalSection(ProjectConfigurationPlatforms) = postSolution
		{1f21b26a-c76f-e970-87eb-89d77c38380e}.Debug|Any CPU.ActiveCfg = Debug|Any CPU
		{1f21b26a-c76f-e970-87eb-89d77c38380e}.Debug|Any CPU.Build.0 = Debug|Any CPU
		{59c11bbc-7c75-a0dd-4cd2-667affb9e101}.Debug|Any CPU.ActiveCfg = Debug|Any CPU
		{59c11bbc-7c75-a0dd-4cd2-667affb9e101}.Debug|Any CPU.Build.0 = Debug|Any CPU
	EndGlobalSection
	GlobalSection(SolutionProperties) = preSolution
		HideSolutionNode = FALSE
	EndGlobalSection
EndGlobal
